
Microsoft Visual Studio Solution File, Format Version 12.00
# Visual Studio Version 17
VisualStudioVersion = 17.8.34330.188
MinimumVisualStudioVersion = 10.0.40219.1
Project("{FAE04EC0-301F-11D3-BF4B-00C04F79EFBC}") = "Chess", "Chess.csproj", "{723FE665-1039-4959-BF7D-727A15B0680F}"
EndProject
Global
	GlobalSection(SolutionConfigurationPlatforms) = preSolution
		Debug|Any CPU = Debug|Any CPU
		Release|Any CPU = Release|Any CPU
	EndGlobalSection
	GlobalSection(ProjectConfigurationPlatforms) = postSolution
		{723FE665-1039-4959-BF7D-727A15B0680F}.Debug|Any CPU.ActiveCfg = Debug|Any CPU
		{723FE665-1039-4959-BF7D-727A15B0680F}.Debug|Any CPU.Build.0 = Debug|Any CPU
		{723FE665-1039-4959-BF7D-727A15B0680F}.Release|Any CPU.ActiveCfg = Release|Any CPU
		{723FE665-1039-4959-BF7D-727A15B0680F}.Release|Any CPU.Build.0 = Release|Any CPU
	EndGlobalSection
	GlobalSection(SolutionProperties) = preSolution
		HideSolutionNode = FALSE
	EndGlobalSection
	GlobalSection(ExtensibilityGlobals) = postSolution
		SolutionGuid = {585973B0-5894-4182-9C43-3CF76F1C8895}
	EndGlobalSection
EndGlobal
